
Microsoft Visual Studio Solution File, Format Version 12.00
# Visual Studio Version 17
VisualStudioVersion = 17.5.33502.453
MinimumVisualStudioVersion = 10.0.40219.1
Project("{FAE04EC0-301F-11D3-BF4B-00C04F79EFBC}") = "webAreaMaster", "webAreaMaster\webAreaMaster.csproj", "{A4797B10-1C0B-4326-B271-583D5FBB4BCF}"
EndProject
Global
	GlobalSection(SolutionConfigurationPlatforms) = preSolution
		Debug|Any CPU = Debug|Any CPU
		Release|Any CPU = Release|Any CPU
	EndGlobalSection
	GlobalSection(ProjectConfigurationPlatforms) = postSolution
		{A4797B10-1C0B-4326-B271-583D5FBB4BCF}.Debug|Any CPU.ActiveCfg = Debug|Any CPU
		{A4797B10-1C0B-4326-B271-583D5FBB4BCF}.Debug|Any CPU.Build.0 = Debug|Any CPU
		{A4797B10-1C0B-4326-B271-583D5FBB4BCF}.Release|Any CPU.ActiveCfg = Release|Any CPU
		{A4797B10-1C0B-4326-B271-583D5FBB4BCF}.Release|Any CPU.Build.0 = Release|Any CPU
	EndGlobalSection
	GlobalSection(SolutionProperties) = preSolution
		HideSolutionNode = FALSE
	EndGlobalSection
	GlobalSection(ExtensibilityGlobals) = postSolution
		SolutionGuid = {826C6DCB-1567-4F1E-A738-DE104A56E35A}
	EndGlobalSection
EndGlobal
